
Microsoft Visual Studio Solution File, Format Version 12.00
# Visual Studio Version 17
VisualStudioVersion = 17.3.32811.315
MinimumVisualStudioVersion = 10.0.40219.1
Project("{FAE04EC0-301F-11D3-BF4B-00C04F79EFBC}") = "InClass1UsingVS-Github", "InClass1UsingVS-Github\InClass1UsingVS-Github.csproj", "{09422C1A-2A15-4632-8CE4-5D6264BC117C}"
EndProject
Global
	GlobalSection(SolutionConfigurationPlatforms) = preSolution
		Debug|Any CPU = Debug|Any CPU
		Release|Any CPU = Release|Any CPU
	EndGlobalSection
	GlobalSection(ProjectConfigurationPlatforms) = postSolution
		{09422C1A-2A15-4632-8CE4-5D6264BC117C}.Debug|Any CPU.ActiveCfg = Debug|Any CPU
		{09422C1A-2A15-4632-8CE4-5D6264BC117C}.Debug|Any CPU.Build.0 = Debug|Any CPU
		{09422C1A-2A15-4632-8CE4-5D6264BC117C}.Release|Any CPU.ActiveCfg = Release|Any CPU
		{09422C1A-2A15-4632-8CE4-5D6264BC117C}.Release|Any CPU.Build.0 = Release|Any CPU
	EndGlobalSection
	GlobalSection(SolutionProperties) = preSolution
		HideSolutionNode = FALSE
	EndGlobalSection
	GlobalSection(ExtensibilityGlobals) = postSolution
		SolutionGuid = {0F552660-A4D3-460E-84B7-469426FE4D72}
	EndGlobalSection
EndGlobal
